
Microsoft Visual Studio Solution File, Format Version 12.00
# Visual Studio Version 17
VisualStudioVersion = 17.6.33829.357
MinimumVisualStudioVersion = 10.0.40219.1
Project("{FAE04EC0-301F-11D3-BF4B-00C04F79EFBC}") = "LineCounter", "LineCounter\LineCounter.csproj", "{2218D277-3BC6-41BA-B3FF-4F593F51543A}"
EndProject
Global
	GlobalSection(SolutionConfigurationPlatforms) = preSolution
		Debug|Any CPU = Debug|Any CPU
		Release|Any CPU = Release|Any CPU
	EndGlobalSection
	GlobalSection(ProjectConfigurationPlatforms) = postSolution
		{2218D277-3BC6-41BA-B3FF-4F593F51543A}.Debug|Any CPU.ActiveCfg = Debug|Any CPU
		{2218D277-3BC6-41BA-B3FF-4F593F51543A}.Debug|Any CPU.Build.0 = Debug|Any CPU
		{2218D277-3BC6-41BA-B3FF-4F593F51543A}.Release|Any CPU.ActiveCfg = Release|Any CPU
		{2218D277-3BC6-41BA-B3FF-4F593F51543A}.Release|Any CPU.Build.0 = Release|Any CPU
	EndGlobalSection
	GlobalSection(SolutionProperties) = preSolution
		HideSolutionNode = FALSE
	EndGlobalSection
	GlobalSection(ExtensibilityGlobals) = postSolution
		SolutionGuid = {80A8F0E5-6131-4F52-81F7-D540221C3103}
	EndGlobalSection
EndGlobal
