
Microsoft Visual Studio Solution File, Format Version 12.00
Project("{FAE04EC0-301F-11D3-BF4B-00C04F79EFBC}") = "OLD_PARAGRAPH_SOLUTION_WITH_TESTS", "OLD_PARAGRAPH_SOLUTION_WITH_TESTS\OLD_PARAGRAPH_SOLUTION_WITH_TESTS.csproj", "{DB43956C-4454-421A-B959-D856C5A5961B}"
EndProject
Project("{FAE04EC0-301F-11D3-BF4B-00C04F79EFBC}") = "ConsoleApp1", "ConsoleApp1\ConsoleApp1.csproj", "{6C734D5F-04AD-4496-AF9E-59C606F02F4F}"
EndProject
Global
	GlobalSection(SolutionConfigurationPlatforms) = preSolution
		Debug|Any CPU = Debug|Any CPU
		Release|Any CPU = Release|Any CPU
	EndGlobalSection
	GlobalSection(ProjectConfigurationPlatforms) = postSolution
		{DB43956C-4454-421A-B959-D856C5A5961B}.Debug|Any CPU.ActiveCfg = Debug|Any CPU
		{DB43956C-4454-421A-B959-D856C5A5961B}.Debug|Any CPU.Build.0 = Debug|Any CPU
		{DB43956C-4454-421A-B959-D856C5A5961B}.Release|Any CPU.ActiveCfg = Release|Any CPU
		{DB43956C-4454-421A-B959-D856C5A5961B}.Release|Any CPU.Build.0 = Release|Any CPU
		{6C734D5F-04AD-4496-AF9E-59C606F02F4F}.Debug|Any CPU.ActiveCfg = Debug|Any CPU
		{6C734D5F-04AD-4496-AF9E-59C606F02F4F}.Debug|Any CPU.Build.0 = Debug|Any CPU
		{6C734D5F-04AD-4496-AF9E-59C606F02F4F}.Release|Any CPU.ActiveCfg = Release|Any CPU
		{6C734D5F-04AD-4496-AF9E-59C606F02F4F}.Release|Any CPU.Build.0 = Release|Any CPU
	EndGlobalSection
EndGlobal
